
Microsoft Visual Studio Solution File, Format Version 12.00
# Visual Studio 15
VisualStudioVersion = 15.0.28010.2036
MinimumVisualStudioVersion = 10.0.40219.1
Project("{FAE04EC0-301F-11D3-BF4B-00C04F79EFBC}") = "SecretSantaApi", "SecretSantaApi\SecretSantaApi.csproj", "{735E7475-DC01-4455-9995-AADAC33A1EC2}"
EndProject
Global
	GlobalSection(SolutionConfigurationPlatforms) = preSolution
		Debug|Any CPU = Debug|Any CPU
		Release|Any CPU = Release|Any CPU
	EndGlobalSection
	GlobalSection(ProjectConfigurationPlatforms) = postSolution
		{735E7475-DC01-4455-9995-AADAC33A1EC2}.Debug|Any CPU.ActiveCfg = Debug|Any CPU
		{735E7475-DC01-4455-9995-AADAC33A1EC2}.Debug|Any CPU.Build.0 = Debug|Any CPU
		{735E7475-DC01-4455-9995-AADAC33A1EC2}.Release|Any CPU.ActiveCfg = Release|Any CPU
		{735E7475-DC01-4455-9995-AADAC33A1EC2}.Release|Any CPU.Build.0 = Release|Any CPU
	EndGlobalSection
	GlobalSection(SolutionProperties) = preSolution
		HideSolutionNode = FALSE
	EndGlobalSection
	GlobalSection(ExtensibilityGlobals) = postSolution
		SolutionGuid = {BB64B89A-5875-4D69-ACAF-F6F1AD14C1BC}
	EndGlobalSection
EndGlobal
